// !$*UTF8*$!
{
	archiveVersion = 1;
	classes = {
	};
	objectVersion = 56;
	objects = {

/* Begin PBXBuildFile section */
		8696B1AD29749F8E008AAD89 /* AppDelegate.swift in Sources */ = {isa = PBXBuildFile; fileRef = 8696B1AC29749F8E008AAD89 /* AppDelegate.swift */; };
		8696B1AF29749F8E008AAD89 /* SceneDelegate.swift in Sources */ = {isa = PBXBuildFile; fileRef = 8696B1AE29749F8E008AAD89 /* SceneDelegate.swift */; };
		8696B1B129749F8E008AAD89 /* ViewController.swift in Sources */ = {isa = PBXBuildFile; fileRef = 8696B1B029749F8E008AAD89 /* ViewController.swift */; };
		8696B1B429749F8E008AAD89 /* Main.storyboard in Resources */ = {isa = PBXBuildFile; fileRef = 8696B1B229749F8E008AAD89 /* Main.storyboard */; };
		8696B1B629749F8F008AAD89 /* Assets.xcassets in Resources */ = {isa = PBXBuildFile; fileRef = 8696B1B529749F8F008AAD89 /* Assets.xcassets */; };
		8696B1B929749F8F008AAD89 /* LaunchScreen.storyboard in Resources */ = {isa = PBXBuildFile; fileRef = 8696B1B729749F8F008AAD89 /* LaunchScreen.storyboard */; };
		8696B1C229749FD4008AAD89 /* WebService.swift in Sources */ = {isa = PBXBuildFile; fileRef = 8696B1C129749FD4008AAD89 /* WebService.swift */; };
		8696B1C529749FFF008AAD89 /* CryptoCurrency.swift in Sources */ = {isa = PBXBuildFile; fileRef = 8696B1C429749FFF008AAD89 /* CryptoCurrency.swift */; };
		8696B1C82974A031008AAD89 /* CryptoViewModel.swift in Sources */ = {isa = PBXBuildFile; fileRef = 8696B1C72974A031008AAD89 /* CryptoViewModel.swift */; };
		8696B1CB2974A0AD008AAD89 /* CryptoTableViewCell.swift in Sources */ = {isa = PBXBuildFile; fileRef = 8696B1CA2974A0AD008AAD89 /* CryptoTableViewCell.swift */; };
/* End PBXBuildFile section */

/* Begin PBXFileReference section */
		8696B1A929749F8E008AAD89 /* CryptoCrazy.app */ = {isa = PBXFileReference; explicitFileType = wrapper.application; includeInIndex = 0; path = CryptoCrazy.app; sourceTree = BUILT_PRODUCTS_DIR; };
		8696B1AC29749F8E008AAD89 /* AppDelegate.swift */ = {isa = PBXFileReference; lastKnownFileType = sourcecode.swift; path = AppDelegate.swift; sourceTree = "<group>"; };
		8696B1AE29749F8E008AAD89 /* SceneDelegate.swift */ = {isa = PBXFileReference; lastKnownFileType = sourcecode.swift; path = SceneDelegate.swift; sourceTree = "<group>"; };
		8696B1B029749F8E008AAD89 /* ViewController.swift */ = {isa = PBXFileReference; lastKnownFileType = sourcecode.swift; path = ViewController.swift; sourceTree = "<group>"; };
		8696B1B329749F8E008AAD89 /* Base */ = {isa = PBXFileReference; lastKnownFileType = file.storyboard; name = Base; path = Base.lproj/Main.storyboard; sourceTree = "<group>"; };
		8696B1B529749F8F008AAD89 /* Assets.xcassets */ = {isa = PBXFileReference; lastKnownFileType = folder.assetcatalog; path = Assets.xcassets; sourceTree = "<group>"; };
		8696B1B829749F8F008AAD89 /* Base */ = {isa = PBXFileReference; lastKnownFileType = file.storyboard; name = Base; path = Base.lproj/LaunchScreen.storyboard; sourceTree = "<group>"; };
		8696B1BA29749F8F008AAD89 /* Info.plist */ = {isa = PBXFileReference; lastKnownFileType = text.plist.xml; path = Info.plist; sourceTree = "<group>"; };
		8696B1C129749FD4008AAD89 /* WebService.swift */ = {isa = PBXFileReference; lastKnownFileType = sourcecode.swift; path = WebService.swift; sourceTree = "<group>"; };
		8696B1C429749FFF008AAD89 /* CryptoCurrency.swift */ = {isa = PBXFileReference; lastKnownFileType = sourcecode.swift; path = CryptoCurrency.swift; sourceTree = "<group>"; };
		8696B1C72974A031008AAD89 /* CryptoViewModel.swift */ = {isa = PBXFileReference; lastKnownFileType = sourcecode.swift; path = CryptoViewModel.swift; sourceTree = "<group>"; };
		8696B1CA2974A0AD008AAD89 /* CryptoTableViewCell.swift */ = {isa = PBXFileReference; lastKnownFileType = sourcecode.swift; path = CryptoTableViewCell.swift; sourceTree = "<group>"; };
/* End PBXFileReference section */

/* Begin PBXFrameworksBuildPhase section */
		8696B1A629749F8E008AAD89 /* Frameworks */ = {
			isa = PBXFrameworksBuildPhase;
			buildActionMask = 2147483647;
			files = (
			);
			runOnlyForDeploymentPostprocessing = 0;
		};
/* End PBXFrameworksBuildPhase section */

/* Begin PBXGroup section */
		8696B1A029749F8E008AAD89 = {
			isa = PBXGroup;
			children = (
				8696B1AB29749F8E008AAD89 /* CryptoCrazy */,
				8696B1AA29749F8E008AAD89 /* Products */,
			);
			sourceTree = "<group>";
		};
		8696B1AA29749F8E008AAD89 /* Products */ = {
			isa = PBXGroup;
			children = (
				8696B1A929749F8E008AAD89 /* CryptoCrazy.app */,
			);
			name = Products;
			sourceTree = "<group>";
		};
		8696B1AB29749F8E008AAD89 /* CryptoCrazy */ = {
			isa = PBXGroup;
			children = (
				8696B1C029749FBE008AAD89 /* Service */,
				8696B1C329749FEC008AAD89 /* Model */,
				8696B1C62974A012008AAD89 /* ViewModel */,
				8696B1C92974A069008AAD89 /* Vİew */,
				8696B1B229749F8E008AAD89 /* Main.storyboard */,
				8696B1B529749F8F008AAD89 /* Assets.xcassets */,
				8696B1B729749F8F008AAD89 /* LaunchScreen.storyboard */,
				8696B1BA29749F8F008AAD89 /* Info.plist */,
			);
			path = CryptoCrazy;
			sourceTree = "<group>";
		};
		8696B1C029749FBE008AAD89 /* Service */ = {
			isa = PBXGroup;
			children = (
				8696B1C129749FD4008AAD89 /* WebService.swift */,
			);
			path = Service;
			sourceTree = "<group>";
		};
		8696B1C329749FEC008AAD89 /* Model */ = {
			isa = PBXGroup;
			children = (
				8696B1C429749FFF008AAD89 /* CryptoCurrency.swift */,
			);
			path = Model;
			sourceTree = "<group>";
		};
		8696B1C62974A012008AAD89 /* ViewModel */ = {
			isa = PBXGroup;
			children = (
				8696B1C72974A031008AAD89 /* CryptoViewModel.swift */,
			);
			path = ViewModel;
			sourceTree = "<group>";
		};
		8696B1C92974A069008AAD89 /* Vİew */ = {
			isa = PBXGroup;
			children = (
				8696B1B029749F8E008AAD89 /* ViewController.swift */,
				8696B1AE29749F8E008AAD89 /* SceneDelegate.swift */,
				8696B1AC29749F8E008AAD89 /* AppDelegate.swift */,
				8696B1CA2974A0AD008AAD89 /* CryptoTableViewCell.swift */,
			);
			name = "Vİew";
			path = "Vİew";
			sourceTree = "<group>";
		};
/* End PBXGroup section */

/* Begin PBXNativeTarget section */
		8696B1A829749F8E008AAD89 /* CryptoCrazy */ = {
			isa = PBXNativeTarget;
			buildConfigurationList = 8696B1BD29749F8F008AAD89 /* Build configuration list for PBXNativeTarget "CryptoCrazy" */;
			buildPhases = (
				8696B1A529749F8E008AAD89 /* Sources */,
				8696B1A629749F8E008AAD89 /* Frameworks */,
				8696B1A729749F8E008AAD89 /* Resources */,
			);
			buildRules = (
			);
			dependencies = (
			);
			name = CryptoCrazy;
			productName = CryptoCrazy;
			productReference = 8696B1A929749F8E008AAD89 /* CryptoCrazy.app */;
			productType = "com.apple.product-type.application";
		};
/* End PBXNativeTarget section */

/* Begin PBXProject section */
		8696B1A129749F8E008AAD89 /* Project object */ = {
			isa = PBXProject;
			attributes = {
				BuildIndependentTargetsInParallel = 1;
				LastSwiftUpdateCheck = 1410;
				LastUpgradeCheck = 1410;
				TargetAttributes = {
					8696B1A829749F8E008AAD89 = {
						CreatedOnToolsVersion = 14.1;
					};
				};
			};
			buildConfigurationList = 8696B1A429749F8E008AAD89 /* Build configuration list for PBXProject "CryptoCrazy" */;
			compatibilityVersion = "Xcode 14.0";
			developmentRegion = en;
			hasScannedForEncodings = 0;
			knownRegions = (
				en,
				Base,
			);
			mainGroup = 8696B1A029749F8E008AAD89;
			productRefGroup = 8696B1AA29749F8E008AAD89 /* Products */;
			projectDirPath = "";
			projectRoot = "";
			targets = (
				8696B1A829749F8E008AAD89 /* CryptoCrazy */,
			);
		};
/* End PBXProject section */

/* Begin PBXResourcesBuildPhase section */
		8696B1A729749F8E008AAD89 /* Resources */ = {
			isa = PBXResourcesBuildPhase;
			buildActionMask = 2147483647;
			files = (
				8696B1B929749F8F008AAD89 /* LaunchScreen.storyboard in Resources */,
				8696B1B629749F8F008AAD89 /* Assets.xcassets in Resources */,
				8696B1B429749F8E008AAD89 /* Main.storyboard in Resources */,
			);
			runOnlyForDeploymentPostprocessing = 0;
		};
/* End PBXResourcesBuildPhase section */

/* Begin PBXSourcesBuildPhase section */
		8696B1A529749F8E008AAD89 /* Sources */ = {
			isa = PBXSourcesBuildPhase;
			buildActionMask = 2147483647;
			files = (
				8696B1B129749F8E008AAD89 /* ViewController.swift in Sources */,
				8696B1AD29749F8E008AAD89 /* AppDelegate.swift in Sources */,
				8696B1C229749FD4008AAD89 /* WebService.swift in Sources */,
				8696B1C529749FFF008AAD89 /* CryptoCurrency.swift in Sources */,
				8696B1AF29749F8E008AAD89 /* SceneDelegate.swift in Sources */,
				8696B1C82974A031008AAD89 /* CryptoViewModel.swift in Sources */,
				8696B1CB2974A0AD008AAD89 /* CryptoTableViewCell.swift in Sources */,
			);
			runOnlyForDeploymentPostprocessing = 0;
		};
/* End PBXSourcesBuildPhase section */

/* Begin PBXVariantGroup section */
		8696B1B229749F8E008AAD89 /* Main.storyboard */ = {
			isa = PBXVariantGroup;
			children = (
				8696B1B329749F8E008AAD89 /* Base */,
			);
			name = Main.storyboard;
			sourceTree = "<group>";
		};
		8696B1B729749F8F008AAD89 /* LaunchScreen.storyboard */ = {
			isa = PBXVariantGroup;
			children = (
				8696B1B829749F8F008AAD89 /* Base */,
			);
			name = LaunchScreen.storyboard;
			sourceTree = "<group>";
		};
/* End PBXVariantGroup section */

/* Begin XCBuildConfiguration section */
		8696B1BB29749F8F008AAD89 /* Debug */ = {
			isa = XCBuildConfiguration;
			buildSettings = {
				ALWAYS_SEARCH_USER_PATHS = NO;
				CLANG_ANALYZER_NONNULL = YES;
				CLANG_ANALYZER_NUMBER_OBJECT_CONVERSION = YES_AGGRESSIVE;
				CLANG_CXX_LANGUAGE_STANDARD = "gnu++20";
				CLANG_ENABLE_MODULES = YES;
				CLANG_ENABLE_OBJC_ARC = YES;
				CLANG_ENABLE_OBJC_WEAK = YES;
				CLANG_WARN_BLOCK_CAPTURE_AUTORELEASING = YES;
				CLANG_WARN_BOOL_CONVERSION = YES;
				CLANG_WARN_COMMA = YES;
				CLANG_WARN_CONSTANT_CONVERSION = YES;
				CLANG_WARN_DEPRECATED_OBJC_IMPLEMENTATIONS = YES;
				CLANG_WARN_DIRECT_OBJC_ISA_USAGE = YES_ERROR;
				CLANG_WARN_DOCUMENTATION_COMMENTS = YES;
				CLANG_WARN_EMPTY_BODY = YES;
				CLANG_WARN_ENUM_CONVERSION = YES;
				CLANG_WARN_INFINITE_RECURSION = YES;
				CLANG_WARN_INT_CONVERSION = YES;
				CLANG_WARN_NON_LITERAL_NULL_CONVERSION = YES;
				CLANG_WARN_OBJC_IMPLICIT_RETAIN_SELF = YES;
				CLANG_WARN_OBJC_LITERAL_CONVERSION = YES;
				CLANG_WARN_OBJC_ROOT_CLASS = YES_ERROR;
				CLANG_WARN_QUOTED_INCLUDE_IN_FRAMEWORK_HEADER = YES;
				CLANG_WARN_RANGE_LOOP_ANALYSIS = YES;
				CLANG_WARN_STRICT_PROTOTYPES = YES;
				CLANG_WARN_SUSPICIOUS_MOVE = YES;
				CLANG_WARN_UNGUARDED_AVAILABILITY = YES_AGGRESSIVE;
				CLANG_WARN_UNREACHABLE_CODE = YES;
				CLANG_WARN__DUPLICATE_METHOD_MATCH = YES;
				COPY_PHASE_STRIP = NO;
				DEBUG_INFORMATION_FORMAT = dwarf;
				ENABLE_STRICT_OBJC_MSGSEND = YES;
				ENABLE_TESTABILITY = YES;
				GCC_C_LANGUAGE_STANDARD = gnu11;
				GCC_DYNAMIC_NO_PIC = NO;
				GCC_NO_COMMON_BLOCKS = YES;
				GCC_OPTIMIZATION_LEVEL = 0;
				GCC_PREPROCESSOR_DEFINITIONS = (
					"DEBUG=1",
					"$(inherited)",
				);
				GCC_WARN_64_TO_32_BIT_CONVERSION = YES;
				GCC_WARN_ABOUT_RETURN_TYPE = YES_ERROR;
				GCC_WARN_UNDECLARED_SELECTOR = YES;
				GCC_WARN_UNINITIALIZED_AUTOS = YES_AGGRESSIVE;
				GCC_WARN_UNUSED_FUNCTION = YES;
				GCC_WARN_UNUSED_VARIABLE = YES;
				IPHONEOS_DEPLOYMENT_TARGET = 16.1;
				MTL_ENABLE_DEBUG_INFO = INCLUDE_SOURCE;
				MTL_FAST_MATH = YES;
				ONLY_ACTIVE_ARCH = YES;
				SDKROOT = iphoneos;
				SWIFT_ACTIVE_COMPILATION_CONDITIONS = DEBUG;
				SWIFT_OPTIMIZATION_LEVEL = "-Onone";
			};
			name = Debug;
		};
		8696B1BC29749F8F008AAD89 /* Release */ = {
			isa = XCBuildConfiguration;
			buildSettings = {
				ALWAYS_SEARCH_USER_PATHS = NO;
				CLANG_ANALYZER_NONNULL = YES;
				CLANG_ANALYZER_NUMBER_OBJECT_CONVERSION = YES_AGGRESSIVE;
				CLANG_CXX_LANGUAGE_STANDARD = "gnu++20";
				CLANG_ENABLE_MODULES = YES;
				CLANG_ENABLE_OBJC_ARC = YES;
				CLANG_ENABLE_OBJC_WEAK = YES;
				CLANG_WARN_BLOCK_CAPTURE_AUTORELEASING = YES;
				CLANG_WARN_BOOL_CONVERSION = YES;
				CLANG_WARN_COMMA = YES;
				CLANG_WARN_CONSTANT_CONVERSION = YES;
				CLANG_WARN_DEPRECATED_OBJC_IMPLEMENTATIONS = YES;
				CLANG_WARN_DIRECT_OBJC_ISA_USAGE = YES_ERROR;
				CLANG_WARN_DOCUMENTATION_COMMENTS = YES;
				CLANG_WARN_EMPTY_BODY = YES;
				CLANG_WARN_ENUM_CONVERSION = YES;
				CLANG_WARN_INFINITE_RECURSION = YES;
				CLANG_WARN_INT_CONVERSION = YES;
				CLANG_WARN_NON_LITERAL_NULL_CONVERSION = YES;
				CLANG_WARN_OBJC_IMPLICIT_RETAIN_SELF = YES;
				CLANG_WARN_OBJC_LITERAL_CONVERSION = YES;
				CLANG_WARN_OBJC_ROOT_CLASS = YES_ERROR;
				CLANG_WARN_QUOTED_INCLUDE_IN_FRAMEWORK_HEADER = YES;
				CLANG_WARN_RANGE_LOOP_ANALYSIS = YES;
				CLANG_WARN_STRICT_PROTOTYPES = YES;
				CLANG_WARN_SUSPICIOUS_MOVE = YES;
				CLANG_WARN_UNGUARDED_AVAILABILITY = YES_AGGRESSIVE;
				CLANG_WARN_UNREACHABLE_CODE = YES;
				CLANG_WARN__DUPLICATE_METHOD_MATCH = YES;
				COPY_PHASE_STRIP = NO;
				DEBUG_INFORMATION_FORMAT = "dwarf-with-dsym";
				ENABLE_NS_ASSERTIONS = NO;
				ENABLE_STRICT_OBJC_MSGSEND = YES;
				GCC_C_LANGUAGE_STANDARD = gnu11;
				GCC_NO_COMMON_BLOCKS = YES;
				GCC_WARN_64_TO_32_BIT_CONVERSION = YES;
				GCC_WARN_ABOUT_RETURN_TYPE = YES_ERROR;
				GCC_WARN_UNDECLARED_SELECTOR = YES;
				GCC_WARN_UNINITIALIZED_AUTOS = YES_AGGRESSIVE;
				GCC_WARN_UNUSED_FUNCTION = YES;
				GCC_WARN_UNUSED_VARIABLE = YES;
				IPHONEOS_DEPLOYMENT_TARGET = 16.1;
				MTL_ENABLE_DEBUG_INFO = NO;
				MTL_FAST_MATH = YES;
				SDKROOT = iphoneos;
				SWIFT_COMPILATION_MODE = wholemodule;
				SWIFT_OPTIMIZATION_LEVEL = "-O";
				VALIDATE_PRODUCT = YES;
			};
			name = Release;
		};
		8696B1BE29749F8F008AAD89 /* Debug */ = {
			isa = XCBuildConfiguration;
			buildSettings = {
				ASSETCATALOG_COMPILER_APPICON_NAME = AppIcon;
				ASSETCATALOG_COMPILER_GLOBAL_ACCENT_COLOR_NAME = AccentColor;
				CODE_SIGN_STYLE = Automatic;
				CURRENT_PROJECT_VERSION = 1;
				DEVELOPMENT_TEAM = 9ZYPK72R73;
				GENERATE_INFOPLIST_FILE = YES;
				INFOPLIST_FILE = CryptoCrazy/Info.plist;
				INFOPLIST_KEY_UIApplicationSupportsIndirectInputEvents = YES;
				INFOPLIST_KEY_UILaunchStoryboardName = LaunchScreen;
				INFOPLIST_KEY_UIMainStoryboardFile = Main;
				INFOPLIST_KEY_UISupportedInterfaceOrientations_iPad = "UIInterfaceOrientationPortrait UIInterfaceOrientationPortraitUpsideDown UIInterfaceOrientationLandscapeLeft UIInterfaceOrientationLandscapeRight";
				INFOPLIST_KEY_UISupportedInterfaceOrientations_iPhone = "UIInterfaceOrientationPortrait UIInterfaceOrientationLandscapeLeft UIInterfaceOrientationLandscapeRight";
				LD_RUNPATH_SEARCH_PATHS = (
					"$(inherited)",
					"@executable_path/Frameworks",
				);
				MARKETING_VERSION = 1.0;
				PRODUCT_BUNDLE_IDENTIFIER = com.tayfursalihsen.CryptoCrazy;
				PRODUCT_NAME = "$(TARGET_NAME)";
				SWIFT_EMIT_LOC_STRINGS = YES;
				SWIFT_VERSION = 5.0;
				TARGETED_DEVICE_FAMILY = "1,2";
			};
			name = Debug;
		};
		8696B1BF29749F8F008AAD89 /* Release */ = {
			isa = XCBuildConfiguration;
			buildSettings = {
				ASSETCATALOG_COMPILER_APPICON_NAME = AppIcon;
				ASSETCATALOG_COMPILER_GLOBAL_ACCENT_COLOR_NAME = AccentColor;
				CODE_SIGN_STYLE = Automatic;
				CURRENT_PROJECT_VERSION = 1;
				DEVELOPMENT_TEAM = 9ZYPK72R73;
				GENERATE_INFOPLIST_FILE = YES;
				INFOPLIST_FILE = CryptoCrazy/Info.plist;
				INFOPLIST_KEY_UIApplicationSupportsIndirectInputEvents = YES;
				INFOPLIST_KEY_UILaunchStoryboardName = LaunchScreen;
				INFOPLIST_KEY_UIMainStoryboardFile = Main;
				INFOPLIST_KEY_UISupportedInterfaceOrientations_iPad = "UIInterfaceOrientationPortrait UIInterfaceOrientationPortraitUpsideDown UIInterfaceOrientationLandscapeLeft UIInterfaceOrientationLandscapeRight";
				INFOPLIST_KEY_UISupportedInterfaceOrientations_iPhone = "UIInterfaceOrientationPortrait UIInterfaceOrientationLandscapeLeft UIInterfaceOrientationLandscapeRight";
				LD_RUNPATH_SEARCH_PATHS = (
					"$(inherited)",
					"@executable_path/Frameworks",
				);
				MARKETING_VERSION = 1.0;
				PRODUCT_BUNDLE_IDENTIFIER = com.tayfursalihsen.CryptoCrazy;
				PRODUCT_NAME = "$(TARGET_NAME)";
				SWIFT_EMIT_LOC_STRINGS = YES;
				SWIFT_VERSION = 5.0;
				TARGETED_DEVICE_FAMILY = "1,2";
			};
			name = Release;
		};
/* End XCBuildConfiguration section */

/* Begin XCConfigurationList section */
		8696B1A429749F8E008AAD89 /* Build configuration list for PBXProject "CryptoCrazy" */ = {
			isa = XCConfigurationList;
			buildConfigurations = (
				8696B1BB29749F8F008AAD89 /* Debug */,
				8696B1BC29749F8F008AAD89 /* Release */,
			);
			defaultConfigurationIsVisible = 0;
			defaultConfigurationName = Release;
		};
		8696B1BD29749F8F008AAD89 /* Build configuration list for PBXNativeTarget "CryptoCrazy" */ = {
			isa = XCConfigurationList;
			buildConfigurations = (
				8696B1BE29749F8F008AAD89 /* Debug */,
				8696B1BF29749F8F008AAD89 /* Release */,
			);
			defaultConfigurationIsVisible = 0;
			defaultConfigurationName = Release;
		};
/* End XCConfigurationList section */
	};
	rootObject = 8696B1A129749F8E008AAD89 /* Project object */;
}
